
Microsoft Visual Studio Solution File, Format Version 12.00
# Visual Studio Version 17
VisualStudioVersion = 17.6.33815.320
MinimumVisualStudioVersion = 10.0.40219.1
Project("{9A19103F-16F7-4668-BE54-9A1E7A4F7556}") = "Api", "Api.csproj", "{0F48ACB9-B211-41E4-80DC-A4AC9DE63248}"
EndProject
Global
	GlobalSection(SolutionConfigurationPlatforms) = preSolution
		Debug|Any CPU = Debug|Any CPU
		Release|Any CPU = Release|Any CPU
	EndGlobalSection
	GlobalSection(ProjectConfigurationPlatforms) = postSolution
		{0F48ACB9-B211-41E4-80DC-A4AC9DE63248}.Debug|Any CPU.ActiveCfg = Debug|Any CPU
		{0F48ACB9-B211-41E4-80DC-A4AC9DE63248}.Debug|Any CPU.Build.0 = Debug|Any CPU
		{0F48ACB9-B211-41E4-80DC-A4AC9DE63248}.Release|Any CPU.ActiveCfg = Release|Any CPU
		{0F48ACB9-B211-41E4-80DC-A4AC9DE63248}.Release|Any CPU.Build.0 = Release|Any CPU
	EndGlobalSection
	GlobalSection(SolutionProperties) = preSolution
		HideSolutionNode = FALSE
	EndGlobalSection
	GlobalSection(ExtensibilityGlobals) = postSolution
		SolutionGuid = {8D449F58-4E43-4D3B-9272-A95F02CEDB06}
	EndGlobalSection
EndGlobal
